{
  "version": 4,
  "terraform_version": "1.0.11",
  "serial": 17,
  "lineage": "e83d935a-c601-d016-b82b-f1d1ba658e69",
  "outputs": {},
  "resources": [
    {
      "mode": "managed",
      "type": "aws_key_pair",
      "name": "levelup_key",
      "provider": "provider[\"registry.terraform.io/hashicorp/aws\"]",
      "instances": [
        {
          "schema_version": 1,
          "attributes": {
            "arn": "arn:aws:ec2:us-east-1:141680518175:key-pair/levelup_key",
            "fingerprint": "89:90:59:1d:91:6f:ae:e9:aa:f5:01:ea:bb:0a:f6:3b",
            "id": "levelup_key",
            "key_name": "levelup_key",
            "key_name_prefix": "",
            "key_pair_id": "key-08e1985587a8e9f29",
            "public_key": "ssh-rsa AAAAB3NzaC1yc2EAAAADAQABAAABgQC8NoxHVYi7kyVeHy9pjIVPGJBykjj54XRM0O/yzhz+Zj2v1ct/WWz05Z6Xd9opy3AQf0dKoFRhyyQyUHBDzW8J3Lz5/cdmtAHYLbbbGz7IWu0ybj6rkcFlU9Qv0sikzpd9nhc578owBT7Sh3vAvpLMvNweewAlA/ATP7suDyYzXrFjQVlfdZ1ZjS91DO+6I4oigepWJ4ZbdOB6Oz37DLdEvgzvqusiWtXogjCGx19bpUCY1MqZqqXVzznIlgLbgLP/JeYzblIcwK3AbPHmTw0ZgOYJjLVAWmoggDadIFCQkuXoP875FsSgMsAnPtAy9KewAv/1PVdnhVC4k887RmbsLHH2L0fvtyqwSzP8d2ruLKQDHTk+XUPGZPQTAD+WrwTtEd+za0yp/nvH0JFjwhH9IckR0dbonHd+PISv77CfOdHv+b0McV7nIsv8LD0pwZc3oG3HoJ3aavLotG041CLNTS7oG3JfbalZqr0DAG2O/qqyV4ER9vuFYPlqav/OFl8= globant\\dhiraj.bhoyar@IN-IT6249",
            "tags": null,
            "tags_all": {}
          },
          "sensitive_attributes": [],
          "private": "eyJzY2hlbWFfdmVyc2lvbiI6IjEifQ=="
        }
      ]
    }
  ]
}
