{
  "version": 4,
  "terraform_version": "1.0.11",
  "serial": 5,
  "lineage": "f43f6fec-8e73-bdcf-fc09-163bf95606bd",
  "outputs": {
    "key_alias": {
      "value": "alias/ec2key",
      "type": "string"
    },
    "key_arn": {
      "value": "a21f0390-924b-49cb-830f-e76d3957a87c",
      "type": "string"
    }
  },
  "resources": [
    {
      "module": "module.kms",
      "mode": "managed",
      "type": "aws_kms_alias",
      "name": "this",
      "provider": "provider[\"registry.terraform.io/hashicorp/aws\"].src",
      "instances": [
        {
          "schema_version": 0,
          "attributes": {
            "arn": "arn:aws:kms:us-east-1:141680518175:alias/ec2key",
            "id": "alias/ec2key",
            "name": "alias/ec2key",
            "name_prefix": "",
            "target_key_arn": "arn:aws:kms:us-east-1:141680518175:key/a21f0390-924b-49cb-830f-e76d3957a87c",
            "target_key_id": "a21f0390-924b-49cb-830f-e76d3957a87c"
          },
          "sensitive_attributes": [],
          "private": "bnVsbA==",
          "dependencies": [
            "module.kms.aws_kms_key.this"
          ]
        }
      ]
    },
    {
      "module": "module.kms",
      "mode": "managed",
      "type": "aws_kms_key",
      "name": "this",
      "provider": "provider[\"registry.terraform.io/hashicorp/aws\"].src",
      "instances": [
        {
          "schema_version": 0,
          "attributes": {
            "arn": "arn:aws:kms:us-east-1:141680518175:key/a21f0390-924b-49cb-830f-e76d3957a87c",
            "bypass_policy_lockout_safety_check": false,
            "customer_master_key_spec": "SYMMETRIC_DEFAULT",
            "deletion_window_in_days": 10,
            "description": "EC2 instance encrypt key",
            "enable_key_rotation": false,
            "id": "a21f0390-924b-49cb-830f-e76d3957a87c",
            "is_enabled": true,
            "key_id": "a21f0390-924b-49cb-830f-e76d3957a87c",
            "key_usage": "ENCRYPT_DECRYPT",
            "multi_region": false,
            "policy": "{\"Id\":\"key-default-1\",\"Statement\":[{\"Action\":\"kms:*\",\"Effect\":\"Allow\",\"Principal\":{\"AWS\":\"arn:aws:iam::141680518175:root\"},\"Resource\":\"*\",\"Sid\":\"Enable IAM User Permissions\"}],\"Version\":\"2012-10-17\"}",
            "tags": null,
            "tags_all": {}
          },
          "sensitive_attributes": [],
          "private": "bnVsbA=="
        }
      ]
    }
  ]
}
